
Microsoft Visual Studio Solution File, Format Version 12.00
# Visual Studio 15
VisualStudioVersion = 15.0.35213.121
MinimumVisualStudioVersion = 10.0.40219.1
Project("{FAE04EC0-301F-11D3-BF4B-00C04F79EFBC}") = "6.hafata soru2", "6.hafata soru2\6.hafata soru2.csproj", "{BFAF0A96-3550-4B5A-BFA8-CB07D279E30F}"
EndProject
Global
	GlobalSection(SolutionConfigurationPlatforms) = preSolution
		Debug|Any CPU = Debug|Any CPU
		Release|Any CPU = Release|Any CPU
	EndGlobalSection
	GlobalSection(ProjectConfigurationPlatforms) = postSolution
		{BFAF0A96-3550-4B5A-BFA8-CB07D279E30F}.Debug|Any CPU.ActiveCfg = Debug|Any CPU
		{BFAF0A96-3550-4B5A-BFA8-CB07D279E30F}.Debug|Any CPU.Build.0 = Debug|Any CPU
		{BFAF0A96-3550-4B5A-BFA8-CB07D279E30F}.Release|Any CPU.ActiveCfg = Release|Any CPU
		{BFAF0A96-3550-4B5A-BFA8-CB07D279E30F}.Release|Any CPU.Build.0 = Release|Any CPU
	EndGlobalSection
	GlobalSection(SolutionProperties) = preSolution
		HideSolutionNode = FALSE
	EndGlobalSection
	GlobalSection(ExtensibilityGlobals) = postSolution
		SolutionGuid = {69D773D9-62F2-4360-8552-9E7FC9AAB2E8}
	EndGlobalSection
EndGlobal
